
Microsoft Visual Studio Solution File, Format Version 12.00
# Visual Studio Version 16
VisualStudioVersion = 16.0.30011.22
MinimumVisualStudioVersion = 10.0.40219.1
Project("{FAE04EC0-301F-11D3-BF4B-00C04F79EFBC}") = "WindowsFormsApp1", "WindowsFormsApp1\WindowsFormsApp1.csproj", "{BE82ACFC-8297-4AFB-B9D9-C6D3CD613089}"
EndProject
Global
	GlobalSection(SolutionConfigurationPlatforms) = preSolution
		Debug|Any CPU = Debug|Any CPU
		Release|Any CPU = Release|Any CPU
	EndGlobalSection
	GlobalSection(ProjectConfigurationPlatforms) = postSolution
		{BE82ACFC-8297-4AFB-B9D9-C6D3CD613089}.Debug|Any CPU.ActiveCfg = Debug|Any CPU
		{BE82ACFC-8297-4AFB-B9D9-C6D3CD613089}.Debug|Any CPU.Build.0 = Debug|Any CPU
		{BE82ACFC-8297-4AFB-B9D9-C6D3CD613089}.Release|Any CPU.ActiveCfg = Release|Any CPU
		{BE82ACFC-8297-4AFB-B9D9-C6D3CD613089}.Release|Any CPU.Build.0 = Release|Any CPU
	EndGlobalSection
	GlobalSection(SolutionProperties) = preSolution
		HideSolutionNode = FALSE
	EndGlobalSection
	GlobalSection(ExtensibilityGlobals) = postSolution
		SolutionGuid = {8EFE674F-9842-4F22-92F1-09D6895E625B}
	EndGlobalSection
EndGlobal
